# THIS IS AN AUTOGENERATED FILE. DO NOT EDIT THIS FILE DIRECTLY.
# yarn lockfile v1


angular@^1.8.3:
  version "1.8.3"
  resolved "https://registry.npmjs.org/angular/-/angular-1.8.3.tgz"
  integrity sha512-5qjkWIQQVsHj4Sb5TcEs4WZWpFeVFHXwxEBHUhrny41D8UrBAd6T/6nPPAsLngJCReIOqi95W3mxdveveutpZw==

jwt-decode@^3.1.2:
  version "3.1.2"
  resolved "https://registry.npmjs.org/jwt-decode/-/jwt-decode-3.1.2.tgz"
  integrity sha512-UfpWE/VZn0iP50d8cz9NrZLM9lSWhcJ+0Gt/nm4by88UL+J1SiKN8/5dkjMmbEzwL2CAe+67GsegCbIKtbp75A==
